
Microsoft Visual Studio Solution File, Format Version 12.00
# Visual Studio Version 16
VisualStudioVersion = 16.0.32228.343
MinimumVisualStudioVersion = 10.0.40219.1
Project("{FAE04EC0-301F-11D3-BF4B-00C04F79EFBC}") = "OperadoresRelacionales", "OperadoresRelacionales\OperadoresRelacionales.csproj", "{9DAD393C-9B55-47ED-AB8B-D41CF23899BA}"
EndProject
Global
	GlobalSection(SolutionConfigurationPlatforms) = preSolution
		Debug|Any CPU = Debug|Any CPU
		Release|Any CPU = Release|Any CPU
	EndGlobalSection
	GlobalSection(ProjectConfigurationPlatforms) = postSolution
		{9DAD393C-9B55-47ED-AB8B-D41CF23899BA}.Debug|Any CPU.ActiveCfg = Debug|Any CPU
		{9DAD393C-9B55-47ED-AB8B-D41CF23899BA}.Debug|Any CPU.Build.0 = Debug|Any CPU
		{9DAD393C-9B55-47ED-AB8B-D41CF23899BA}.Release|Any CPU.ActiveCfg = Release|Any CPU
		{9DAD393C-9B55-47ED-AB8B-D41CF23899BA}.Release|Any CPU.Build.0 = Release|Any CPU
	EndGlobalSection
	GlobalSection(SolutionProperties) = preSolution
		HideSolutionNode = FALSE
	EndGlobalSection
	GlobalSection(ExtensibilityGlobals) = postSolution
		SolutionGuid = {F1D9B0FE-6385-44C1-B12B-6C80C9DB2A43}
	EndGlobalSection
EndGlobal
