
Microsoft Visual Studio Solution File, Format Version 12.00
# Visual Studio Version 16
VisualStudioVersion = 16.0.32228.343
MinimumVisualStudioVersion = 10.0.40219.1
Project("{FAE04EC0-301F-11D3-BF4B-00C04F79EFBC}") = "MetodoExample", "MetodoExample\MetodoExample.csproj", "{73F5BC6E-DECD-4E61-BF7A-4EA9338A38A0}"
EndProject
Global
	GlobalSection(SolutionConfigurationPlatforms) = preSolution
		Debug|Any CPU = Debug|Any CPU
		Release|Any CPU = Release|Any CPU
	EndGlobalSection
	GlobalSection(ProjectConfigurationPlatforms) = postSolution
		{73F5BC6E-DECD-4E61-BF7A-4EA9338A38A0}.Debug|Any CPU.ActiveCfg = Debug|Any CPU
		{73F5BC6E-DECD-4E61-BF7A-4EA9338A38A0}.Debug|Any CPU.Build.0 = Debug|Any CPU
		{73F5BC6E-DECD-4E61-BF7A-4EA9338A38A0}.Release|Any CPU.ActiveCfg = Release|Any CPU
		{73F5BC6E-DECD-4E61-BF7A-4EA9338A38A0}.Release|Any CPU.Build.0 = Release|Any CPU
	EndGlobalSection
	GlobalSection(SolutionProperties) = preSolution
		HideSolutionNode = FALSE
	EndGlobalSection
	GlobalSection(ExtensibilityGlobals) = postSolution
		SolutionGuid = {2C865B93-C9A2-4F29-B6D7-DCE049F2D995}
	EndGlobalSection
EndGlobal
