
Microsoft Visual Studio Solution File, Format Version 12.00
# Visual Studio Version 16
VisualStudioVersion = 16.0.32228.343
MinimumVisualStudioVersion = 10.0.40219.1
Project("{FAE04EC0-301F-11D3-BF4B-00C04F79EFBC}") = "Arreglos", "Arreglos\Arreglos.csproj", "{88AF5761-64D9-4C7A-8FA5-234A69D3A4C1}"
EndProject
Global
	GlobalSection(SolutionConfigurationPlatforms) = preSolution
		Debug|Any CPU = Debug|Any CPU
		Release|Any CPU = Release|Any CPU
	EndGlobalSection
	GlobalSection(ProjectConfigurationPlatforms) = postSolution
		{88AF5761-64D9-4C7A-8FA5-234A69D3A4C1}.Debug|Any CPU.ActiveCfg = Debug|Any CPU
		{88AF5761-64D9-4C7A-8FA5-234A69D3A4C1}.Debug|Any CPU.Build.0 = Debug|Any CPU
		{88AF5761-64D9-4C7A-8FA5-234A69D3A4C1}.Release|Any CPU.ActiveCfg = Release|Any CPU
		{88AF5761-64D9-4C7A-8FA5-234A69D3A4C1}.Release|Any CPU.Build.0 = Release|Any CPU
	EndGlobalSection
	GlobalSection(SolutionProperties) = preSolution
		HideSolutionNode = FALSE
	EndGlobalSection
	GlobalSection(ExtensibilityGlobals) = postSolution
		SolutionGuid = {BEF636A5-613E-483A-AEF1-30EC6D1422D2}
	EndGlobalSection
EndGlobal
